
Microsoft Visual Studio Solution File, Format Version 12.00
# Visual Studio Version 17
VisualStudioVersion = 17.5.33516.290
MinimumVisualStudioVersion = 10.0.40219.1
Project("{2150E333-8FDC-42A3-9474-1A3956D46DE8}") = "API", "API", "{E389DEB6-5F90-444B-A054-12A10D39C76F}"
EndProject
Project("{2150E333-8FDC-42A3-9474-1A3956D46DE8}") = "Data", "Data", "{ACBE44C4-E198-45E2-BA02-6655250A0006}"
EndProject
Project("{9A19103F-16F7-4668-BE54-9A1E7A4F7556}") = "DocuAurora.Data.Models", "Data\DocuAurora.Data.Models\DocuAurora.Data.Models.csproj", "{E9FDB52F-52DC-48B2-86E1-0176377BB53F}"
EndProject
Project("{2150E333-8FDC-42A3-9474-1A3956D46DE8}") = "Services", "Services", "{516E002B-9E6E-4456-B7F6-EAA353966DE6}"
EndProject
Project("{2150E333-8FDC-42A3-9474-1A3956D46DE8}") = "Tests", "Tests", "{7A731632-6714-44E2-A9E4-069EBA9E666C}"
EndProject
Project("{9A19103F-16F7-4668-BE54-9A1E7A4F7556}") = "DocuAurora.Services", "Services\DocuAurora.Services\DocuAurora.Services.csproj", "{8522212F-F01E-4E20-9975-FCF5E10D71DB}"
EndProject
Project("{9A19103F-16F7-4668-BE54-9A1E7A4F7556}") = "DocuAurora.Services.Messaging", "Services\DocuAurora.Services.Messaging\DocuAurora.Services.Messaging.csproj", "{43FDC0C4-F250-45DE-93F8-3CA8A9247CC9}"
EndProject
Project("{9A19103F-16F7-4668-BE54-9A1E7A4F7556}") = "DocuAurora.Data", "Data\DocuAurora.Data\DocuAurora.Data.csproj", "{4B844ECB-E845-49A6-8B31-85E577933598}"
EndProject
Project("{9A19103F-16F7-4668-BE54-9A1E7A4F7556}") = "DocuAurora.Data.Common", "Data\DocuAurora.Data.Common\DocuAurora.Data.Common.csproj", "{D0D59508-CF8B-4656-A344-396C530BB9DF}"
EndProject
Project("{9A19103F-16F7-4668-BE54-9A1E7A4F7556}") = "DocuAurora.Common", "DocuAurora.Common\DocuAurora.Common.csproj", "{A2288C46-0FBF-43B6-80B6-3072FD65BC32}"
EndProject
Project("{9A19103F-16F7-4668-BE54-9A1E7A4F7556}") = "DocuAurora.Services.Data", "Services\DocuAurora.Services.Data\DocuAurora.Services.Data.csproj", "{4D39C126-3FB5-4B26-B08C-1BF48EFFA23E}"
EndProject
Project("{9A19103F-16F7-4668-BE54-9A1E7A4F7556}") = "DocuAurora.Services.Mapping", "Services\DocuAurora.Services.Mapping\DocuAurora.Services.Mapping.csproj", "{415FD7FA-0453-4FE1-9A29-C6E1D8B45C3D}"
EndProject
Project("{9A19103F-16F7-4668-BE54-9A1E7A4F7556}") = "Sandbox", "Tests\Sandbox\Sandbox.csproj", "{8AB6B92A-0837-4BDE-B950-10BE3FF2B6A8}"
EndProject
Project("{9A19103F-16F7-4668-BE54-9A1E7A4F7556}") = "DocuAurora.Services.Data.Tests", "Tests\DocuAurora.Services.Data.Tests\DocuAurora.Services.Data.Tests.csproj", "{901AB2DA-6E52-4FB2-91F0-58EB0115F2F7}"
EndProject
Project("{2150E333-8FDC-42A3-9474-1A3956D46DE8}") = "FrontEnd", "FrontEnd", "{74BCBC93-A698-41EC-BD0C-75DD67E1866D}"
EndProject
Project("{9A19103F-16F7-4668-BE54-9A1E7A4F7556}") = "DocuAurora.API", "API\DocuAurora.API\DocuAurora.API.csproj", "{03212FCA-DEF6-4BF0-B906-372985E1D8B7}"
EndProject
Project("{9A19103F-16F7-4668-BE54-9A1E7A4F7556}") = "DocuAurora.API.Infrastructure", "API\DocuAurora.API.Infrastructure\DocuAurora.API.Infrastructure.csproj", "{CDC83684-A330-4BAC-B1A2-8031F9C70559}"
EndProject
Project("{9A19103F-16F7-4668-BE54-9A1E7A4F7556}") = "DocuAurora.API.Tests", "Tests\DocuAurora.API.Tests\DocuAurora.API.Tests.csproj", "{CCCD6FC4-A54A-4698-90DA-54F255DD643D}"
EndProject
Global
	GlobalSection(SolutionConfigurationPlatforms) = preSolution
		Debug|Any CPU = Debug|Any CPU
		Release|Any CPU = Release|Any CPU
	EndGlobalSection
	GlobalSection(ProjectConfigurationPlatforms) = postSolution
		{E9FDB52F-52DC-48B2-86E1-0176377BB53F}.Debug|Any CPU.ActiveCfg = Debug|Any CPU
		{E9FDB52F-52DC-48B2-86E1-0176377BB53F}.Debug|Any CPU.Build.0 = Debug|Any CPU
		{E9FDB52F-52DC-48B2-86E1-0176377BB53F}.Release|Any CPU.ActiveCfg = Release|Any CPU
		{E9FDB52F-52DC-48B2-86E1-0176377BB53F}.Release|Any CPU.Build.0 = Release|Any CPU
		{8522212F-F01E-4E20-9975-FCF5E10D71DB}.Debug|Any CPU.ActiveCfg = Debug|Any CPU
		{8522212F-F01E-4E20-9975-FCF5E10D71DB}.Debug|Any CPU.Build.0 = Debug|Any CPU
		{8522212F-F01E-4E20-9975-FCF5E10D71DB}.Release|Any CPU.ActiveCfg = Release|Any CPU
		{8522212F-F01E-4E20-9975-FCF5E10D71DB}.Release|Any CPU.Build.0 = Release|Any CPU
		{43FDC0C4-F250-45DE-93F8-3CA8A9247CC9}.Debug|Any CPU.ActiveCfg = Debug|Any CPU
		{43FDC0C4-F250-45DE-93F8-3CA8A9247CC9}.Debug|Any CPU.Build.0 = Debug|Any CPU
		{43FDC0C4-F250-45DE-93F8-3CA8A9247CC9}.Release|Any CPU.ActiveCfg = Release|Any CPU
		{43FDC0C4-F250-45DE-93F8-3CA8A9247CC9}.Release|Any CPU.Build.0 = Release|Any CPU
		{4B844ECB-E845-49A6-8B31-85E577933598}.Debug|Any CPU.ActiveCfg = Debug|Any CPU
		{4B844ECB-E845-49A6-8B31-85E577933598}.Debug|Any CPU.Build.0 = Debug|Any CPU
		{4B844ECB-E845-49A6-8B31-85E577933598}.Release|Any CPU.ActiveCfg = Release|Any CPU
		{4B844ECB-E845-49A6-8B31-85E577933598}.Release|Any CPU.Build.0 = Release|Any CPU
		{D0D59508-CF8B-4656-A344-396C530BB9DF}.Debug|Any CPU.ActiveCfg = Debug|Any CPU
		{D0D59508-CF8B-4656-A344-396C530BB9DF}.Debug|Any CPU.Build.0 = Debug|Any CPU
		{D0D59508-CF8B-4656-A344-396C530BB9DF}.Release|Any CPU.ActiveCfg = Release|Any CPU
		{D0D59508-CF8B-4656-A344-396C530BB9DF}.Release|Any CPU.Build.0 = Release|Any CPU
		{A2288C46-0FBF-43B6-80B6-3072FD65BC32}.Debug|Any CPU.ActiveCfg = Debug|Any CPU
		{A2288C46-0FBF-43B6-80B6-3072FD65BC32}.Debug|Any CPU.Build.0 = Debug|Any CPU
		{A2288C46-0FBF-43B6-80B6-3072FD65BC32}.Release|Any CPU.ActiveCfg = Release|Any CPU
		{A2288C46-0FBF-43B6-80B6-3072FD65BC32}.Release|Any CPU.Build.0 = Release|Any CPU
		{4D39C126-3FB5-4B26-B08C-1BF48EFFA23E}.Debug|Any CPU.ActiveCfg = Debug|Any CPU
		{4D39C126-3FB5-4B26-B08C-1BF48EFFA23E}.Debug|Any CPU.Build.0 = Debug|Any CPU
		{4D39C126-3FB5-4B26-B08C-1BF48EFFA23E}.Release|Any CPU.ActiveCfg = Release|Any CPU
		{4D39C126-3FB5-4B26-B08C-1BF48EFFA23E}.Release|Any CPU.Build.0 = Release|Any CPU
		{415FD7FA-0453-4FE1-9A29-C6E1D8B45C3D}.Debug|Any CPU.ActiveCfg = Debug|Any CPU
		{415FD7FA-0453-4FE1-9A29-C6E1D8B45C3D}.Debug|Any CPU.Build.0 = Debug|Any CPU
		{415FD7FA-0453-4FE1-9A29-C6E1D8B45C3D}.Release|Any CPU.ActiveCfg = Release|Any CPU
		{415FD7FA-0453-4FE1-9A29-C6E1D8B45C3D}.Release|Any CPU.Build.0 = Release|Any CPU
		{8AB6B92A-0837-4BDE-B950-10BE3FF2B6A8}.Debug|Any CPU.ActiveCfg = Debug|Any CPU
		{8AB6B92A-0837-4BDE-B950-10BE3FF2B6A8}.Debug|Any CPU.Build.0 = Debug|Any CPU
		{8AB6B92A-0837-4BDE-B950-10BE3FF2B6A8}.Release|Any CPU.ActiveCfg = Release|Any CPU
		{8AB6B92A-0837-4BDE-B950-10BE3FF2B6A8}.Release|Any CPU.Build.0 = Release|Any CPU
		{901AB2DA-6E52-4FB2-91F0-58EB0115F2F7}.Debug|Any CPU.ActiveCfg = Debug|Any CPU
		{901AB2DA-6E52-4FB2-91F0-58EB0115F2F7}.Debug|Any CPU.Build.0 = Debug|Any CPU
		{901AB2DA-6E52-4FB2-91F0-58EB0115F2F7}.Release|Any CPU.ActiveCfg = Release|Any CPU
		{901AB2DA-6E52-4FB2-91F0-58EB0115F2F7}.Release|Any CPU.Build.0 = Release|Any CPU
		{03212FCA-DEF6-4BF0-B906-372985E1D8B7}.Debug|Any CPU.ActiveCfg = Debug|Any CPU
		{03212FCA-DEF6-4BF0-B906-372985E1D8B7}.Debug|Any CPU.Build.0 = Debug|Any CPU
		{03212FCA-DEF6-4BF0-B906-372985E1D8B7}.Release|Any CPU.ActiveCfg = Release|Any CPU
		{03212FCA-DEF6-4BF0-B906-372985E1D8B7}.Release|Any CPU.Build.0 = Release|Any CPU
		{CDC83684-A330-4BAC-B1A2-8031F9C70559}.Debug|Any CPU.ActiveCfg = Debug|Any CPU
		{CDC83684-A330-4BAC-B1A2-8031F9C70559}.Debug|Any CPU.Build.0 = Debug|Any CPU
		{CDC83684-A330-4BAC-B1A2-8031F9C70559}.Release|Any CPU.ActiveCfg = Release|Any CPU
		{CDC83684-A330-4BAC-B1A2-8031F9C70559}.Release|Any CPU.Build.0 = Release|Any CPU
		{CCCD6FC4-A54A-4698-90DA-54F255DD643D}.Debug|Any CPU.ActiveCfg = Debug|Any CPU
		{CCCD6FC4-A54A-4698-90DA-54F255DD643D}.Debug|Any CPU.Build.0 = Debug|Any CPU
		{CCCD6FC4-A54A-4698-90DA-54F255DD643D}.Release|Any CPU.ActiveCfg = Release|Any CPU
		{CCCD6FC4-A54A-4698-90DA-54F255DD643D}.Release|Any CPU.Build.0 = Release|Any CPU
	EndGlobalSection
	GlobalSection(SolutionProperties) = preSolution
		HideSolutionNode = FALSE
	EndGlobalSection
	GlobalSection(NestedProjects) = preSolution
		{E9FDB52F-52DC-48B2-86E1-0176377BB53F} = {ACBE44C4-E198-45E2-BA02-6655250A0006}
		{8522212F-F01E-4E20-9975-FCF5E10D71DB} = {516E002B-9E6E-4456-B7F6-EAA353966DE6}
		{43FDC0C4-F250-45DE-93F8-3CA8A9247CC9} = {516E002B-9E6E-4456-B7F6-EAA353966DE6}
		{4B844ECB-E845-49A6-8B31-85E577933598} = {ACBE44C4-E198-45E2-BA02-6655250A0006}
		{D0D59508-CF8B-4656-A344-396C530BB9DF} = {ACBE44C4-E198-45E2-BA02-6655250A0006}
		{4D39C126-3FB5-4B26-B08C-1BF48EFFA23E} = {516E002B-9E6E-4456-B7F6-EAA353966DE6}
		{415FD7FA-0453-4FE1-9A29-C6E1D8B45C3D} = {516E002B-9E6E-4456-B7F6-EAA353966DE6}
		{8AB6B92A-0837-4BDE-B950-10BE3FF2B6A8} = {7A731632-6714-44E2-A9E4-069EBA9E666C}
		{901AB2DA-6E52-4FB2-91F0-58EB0115F2F7} = {7A731632-6714-44E2-A9E4-069EBA9E666C}
		{03212FCA-DEF6-4BF0-B906-372985E1D8B7} = {E389DEB6-5F90-444B-A054-12A10D39C76F}
		{CDC83684-A330-4BAC-B1A2-8031F9C70559} = {E389DEB6-5F90-444B-A054-12A10D39C76F}
		{CCCD6FC4-A54A-4698-90DA-54F255DD643D} = {7A731632-6714-44E2-A9E4-069EBA9E666C}
	EndGlobalSection
	GlobalSection(ExtensibilityGlobals) = postSolution
		SolutionGuid = {384484BE-4680-4529-9CC2-AD37BA4D12D1}
	EndGlobalSection
EndGlobal
